// !$*UTF8*$!
{
	archiveVersion = 1;
	classes = {
	};
	objectVersion = 50;
	objects = {

/* Begin PBXBuildFile section */
		223D9C1E217E55FD00EC1B8E /* NotificationCenter.framework in Frameworks */ = {isa = PBXBuildFile; fileRef = 223D9C09217E535C00EC1B8E /* NotificationCenter.framework */; };
		223D9C21217E55FD00EC1B8E /* TodayViewController.swift in Sources */ = {isa = PBXBuildFile; fileRef = 223D9C20217E55FD00EC1B8E /* TodayViewController.swift */; };
		223D9C24217E55FD00EC1B8E /* MainInterface.storyboard in Resources */ = {isa = PBXBuildFile; fileRef = 223D9C22217E55FD00EC1B8E /* MainInterface.storyboard */; };
		223D9C28217E55FD00EC1B8E /* RPN Calculator Widget.appex in Embed App Extensions */ = {isa = PBXBuildFile; fileRef = 223D9C1D217E55FD00EC1B8E /* RPN Calculator Widget.appex */; settings = {ATTRIBUTES = (RemoveHeadersOnCopy, ); }; };
		223D9C4B217E588200EC1B8E /* RPN_Calculator.framework in Frameworks */ = {isa = PBXBuildFile; fileRef = 223D9C48217E586F00EC1B8E /* RPN_Calculator.framework */; };
		223D9C4C217E588200EC1B8E /* RPN_Calculator.framework in Embed Frameworks */ = {isa = PBXBuildFile; fileRef = 223D9C48217E586F00EC1B8E /* RPN_Calculator.framework */; settings = {ATTRIBUTES = (CodeSignOnCopy, RemoveHeadersOnCopy, ); }; };
		D61CEADA2152AED600D47806 /* AppDelegate.swift in Sources */ = {isa = PBXBuildFile; fileRef = D61CEAD92152AED600D47806 /* AppDelegate.swift */; };
		D61CEAE12152AEDC00D47806 /* Assets.xcassets in Resources */ = {isa = PBXBuildFile; fileRef = D61CEAE02152AEDC00D47806 /* Assets.xcassets */; };
		D61CEAE42152AEDC00D47806 /* LaunchScreen.storyboard in Resources */ = {isa = PBXBuildFile; fileRef = D61CEAE22152AEDC00D47806 /* LaunchScreen.storyboard */; };
		D61CEB1A2152BD8500D47806 /* CalculatorViewController.swift in Sources */ = {isa = PBXBuildFile; fileRef = D61CEB182152BD8500D47806 /* CalculatorViewController.swift */; };
		D61CEB1B2152BD8500D47806 /* Main.storyboard in Resources */ = {isa = PBXBuildFile; fileRef = D61CEB192152BD8500D47806 /* Main.storyboard */; };
/* End PBXBuildFile section */

/* Begin PBXContainerItemProxy section */
		223D9C26217E55FD00EC1B8E /* PBXContainerItemProxy */ = {
			isa = PBXContainerItemProxy;
			containerPortal = D61CEACE2152AED600D47806 /* Project object */;
			proxyType = 1;
			remoteGlobalIDString = 223D9C1C217E55FD00EC1B8E;
			remoteInfo = "RPN Calculator Widget";
		};
		223D9C47217E586F00EC1B8E /* PBXContainerItemProxy */ = {
			isa = PBXContainerItemProxy;
			containerPortal = 223D9C42217E586F00EC1B8E /* RPN Calculator.xcodeproj */;
			proxyType = 2;
			remoteGlobalIDString = 223D9C37217E582900EC1B8E;
			remoteInfo = "RPN Calculator";
		};
		223D9C49217E586F00EC1B8E /* PBXContainerItemProxy */ = {
			isa = PBXContainerItemProxy;
			containerPortal = 223D9C42217E586F00EC1B8E /* RPN Calculator.xcodeproj */;
			proxyType = 2;
			remoteGlobalIDString = D61CEABB2152AE1B00D47806;
			remoteInfo = "RPN CalculatorTests";
		};
		223D9C4D217E588200EC1B8E /* PBXContainerItemProxy */ = {
			isa = PBXContainerItemProxy;
			containerPortal = 223D9C42217E586F00EC1B8E /* RPN Calculator.xcodeproj */;
			proxyType = 1;
			remoteGlobalIDString = 223D9C36217E582900EC1B8E;
			remoteInfo = "RPN Calculator";
		};
/* End PBXContainerItemProxy section */

/* Begin PBXCopyFilesBuildPhase section */
		223D9C03217E52ED00EC1B8E /* Embed Frameworks */ = {
			isa = PBXCopyFilesBuildPhase;
			buildActionMask = 2147483647;
			dstPath = "";
			dstSubfolderSpec = 10;
			files = (
				223D9C4C217E588200EC1B8E /* RPN_Calculator.framework in Embed Frameworks */,
			);
			name = "Embed Frameworks";
			runOnlyForDeploymentPostprocessing = 0;
		};
		223D9C18217E535C00EC1B8E /* Embed App Extensions */ = {
			isa = PBXCopyFilesBuildPhase;
			buildActionMask = 2147483647;
			dstPath = "";
			dstSubfolderSpec = 13;
			files = (
				223D9C28217E55FD00EC1B8E /* RPN Calculator Widget.appex in Embed App Extensions */,
			);
			name = "Embed App Extensions";
			runOnlyForDeploymentPostprocessing = 0;
		};
/* End PBXCopyFilesBuildPhase section */

/* Begin PBXFileReference section */
		223D9C09217E535C00EC1B8E /* NotificationCenter.framework */ = {isa = PBXFileReference; lastKnownFileType = wrapper.framework; name = NotificationCenter.framework; path = System/Library/Frameworks/NotificationCenter.framework; sourceTree = SDKROOT; };
		223D9C1D217E55FD00EC1B8E /* RPN Calculator Widget.appex */ = {isa = PBXFileReference; explicitFileType = "wrapper.app-extension"; includeInIndex = 0; path = "RPN Calculator Widget.appex"; sourceTree = BUILT_PRODUCTS_DIR; };
		223D9C20217E55FD00EC1B8E /* TodayViewController.swift */ = {isa = PBXFileReference; lastKnownFileType = sourcecode.swift; path = TodayViewController.swift; sourceTree = "<group>"; };
		223D9C23217E55FD00EC1B8E /* Base */ = {isa = PBXFileReference; lastKnownFileType = file.storyboard; name = Base; path = Base.lproj/MainInterface.storyboard; sourceTree = "<group>"; };
		223D9C25217E55FD00EC1B8E /* Info.plist */ = {isa = PBXFileReference; lastKnownFileType = text.plist.xml; path = Info.plist; sourceTree = "<group>"; };
		223D9C42217E586F00EC1B8E /* RPN Calculator.xcodeproj */ = {isa = PBXFileReference; lastKnownFileType = "wrapper.pb-project"; name = "RPN Calculator.xcodeproj"; path = "../../RPN Calculator/RPN Calculator.xcodeproj"; sourceTree = "<group>"; };
		D61CEAD62152AED600D47806 /* RPN Calculator App.app */ = {isa = PBXFileReference; explicitFileType = wrapper.application; includeInIndex = 0; path = "RPN Calculator App.app"; sourceTree = BUILT_PRODUCTS_DIR; };
		D61CEAD92152AED600D47806 /* AppDelegate.swift */ = {isa = PBXFileReference; lastKnownFileType = sourcecode.swift; path = AppDelegate.swift; sourceTree = "<group>"; };
		D61CEAE02152AEDC00D47806 /* Assets.xcassets */ = {isa = PBXFileReference; lastKnownFileType = folder.assetcatalog; path = Assets.xcassets; sourceTree = "<group>"; };
		D61CEAE32152AEDC00D47806 /* Base */ = {isa = PBXFileReference; lastKnownFileType = file.storyboard; name = Base; path = Base.lproj/LaunchScreen.storyboard; sourceTree = "<group>"; };
		D61CEAE52152AEDC00D47806 /* Info.plist */ = {isa = PBXFileReference; lastKnownFileType = text.plist.xml; path = Info.plist; sourceTree = "<group>"; };
		D61CEAEE2152AEDD00D47806 /* RPN_Calculator_AppTests.swift */ = {isa = PBXFileReference; lastKnownFileType = sourcecode.swift; path = RPN_Calculator_AppTests.swift; sourceTree = "<group>"; };
		D61CEAF02152AEDD00D47806 /* Info.plist */ = {isa = PBXFileReference; lastKnownFileType = text.plist.xml; path = Info.plist; sourceTree = "<group>"; };
		D61CEB182152BD8500D47806 /* CalculatorViewController.swift */ = {isa = PBXFileReference; fileEncoding = 4; lastKnownFileType = sourcecode.swift; path = CalculatorViewController.swift; sourceTree = "<group>"; };
		D61CEB192152BD8500D47806 /* Main.storyboard */ = {isa = PBXFileReference; fileEncoding = 4; lastKnownFileType = file.storyboard; path = Main.storyboard; sourceTree = "<group>"; };
/* End PBXFileReference section */

/* Begin PBXFrameworksBuildPhase section */
		223D9C1A217E55FD00EC1B8E /* Frameworks */ = {
			isa = PBXFrameworksBuildPhase;
			buildActionMask = 2147483647;
			files = (
				223D9C1E217E55FD00EC1B8E /* NotificationCenter.framework in Frameworks */,
			);
			runOnlyForDeploymentPostprocessing = 0;
		};
		D61CEAD32152AED600D47806 /* Frameworks */ = {
			isa = PBXFrameworksBuildPhase;
			buildActionMask = 2147483647;
			files = (
				223D9C4B217E588200EC1B8E /* RPN_Calculator.framework in Frameworks */,
			);
			runOnlyForDeploymentPostprocessing = 0;
		};
/* End PBXFrameworksBuildPhase section */

/* Begin PBXGroup section */
		223D9BF5217E52CB00EC1B8E /* Frameworks */ = {
			isa = PBXGroup;
			children = (
				223D9C42217E586F00EC1B8E /* RPN Calculator.xcodeproj */,
				223D9C09217E535C00EC1B8E /* NotificationCenter.framework */,
			);
			path = Frameworks;
			sourceTree = "<group>";
		};
		223D9C1F217E55FD00EC1B8E /* RPN Calculator Widget */ = {
			isa = PBXGroup;
			children = (
				223D9C20217E55FD00EC1B8E /* TodayViewController.swift */,
				223D9C22217E55FD00EC1B8E /* MainInterface.storyboard */,
				223D9C25217E55FD00EC1B8E /* Info.plist */,
			);
			path = "RPN Calculator Widget";
			sourceTree = "<group>";
		};
		223D9C43217E586F00EC1B8E /* Products */ = {
			isa = PBXGroup;
			children = (
				223D9C48217E586F00EC1B8E /* RPN_Calculator.framework */,
				223D9C4A217E586F00EC1B8E /* RPN CalculatorTests.xctest */,
			);
			name = Products;
			sourceTree = "<group>";
		};
		D61CEACD2152AED600D47806 = {
			isa = PBXGroup;
			children = (
				D61CEAD82152AED600D47806 /* RPN Calculator App */,
				223D9C1F217E55FD00EC1B8E /* RPN Calculator Widget */,
				223D9BF5217E52CB00EC1B8E /* Frameworks */,
				D61CEAED2152AEDD00D47806 /* RPN Calculator AppTests */,
				D61CEAD72152AED600D47806 /* Products */,
			);
			sourceTree = "<group>";
		};
		D61CEAD72152AED600D47806 /* Products */ = {
			isa = PBXGroup;
			children = (
				D61CEAD62152AED600D47806 /* RPN Calculator App.app */,
				223D9C1D217E55FD00EC1B8E /* RPN Calculator Widget.appex */,
			);
			name = Products;
			sourceTree = "<group>";
		};
		D61CEAD82152AED600D47806 /* RPN Calculator App */ = {
			isa = PBXGroup;
			children = (
				D61CEAD92152AED600D47806 /* AppDelegate.swift */,
				D61CEB182152BD8500D47806 /* CalculatorViewController.swift */,
				D61CEB192152BD8500D47806 /* Main.storyboard */,
				D61CEAE02152AEDC00D47806 /* Assets.xcassets */,
				D61CEAE22152AEDC00D47806 /* LaunchScreen.storyboard */,
				D61CEAE52152AEDC00D47806 /* Info.plist */,
			);
			path = "RPN Calculator App";
			sourceTree = "<group>";
		};
		D61CEAED2152AEDD00D47806 /* RPN Calculator AppTests */ = {
			isa = PBXGroup;
			children = (
				D61CEAEE2152AEDD00D47806 /* RPN_Calculator_AppTests.swift */,
				D61CEAF02152AEDD00D47806 /* Info.plist */,
			);
			path = "RPN Calculator AppTests";
			sourceTree = "<group>";
		};
/* End PBXGroup section */

/* Begin PBXNativeTarget section */
		223D9C1C217E55FD00EC1B8E /* RPN Calculator Widget */ = {
			isa = PBXNativeTarget;
			buildConfigurationList = 223D9C29217E55FD00EC1B8E /* Build configuration list for PBXNativeTarget "RPN Calculator Widget" */;
			buildPhases = (
				223D9C19217E55FD00EC1B8E /* Sources */,
				223D9C1A217E55FD00EC1B8E /* Frameworks */,
				223D9C1B217E55FD00EC1B8E /* Resources */,
			);
			buildRules = (
			);
			dependencies = (
			);
			name = "RPN Calculator Widget";
			productName = "RPN Calculator Widget";
			productReference = 223D9C1D217E55FD00EC1B8E /* RPN Calculator Widget.appex */;
			productType = "com.apple.product-type.app-extension";
		};
		D61CEAD52152AED600D47806 /* RPN Calculator App */ = {
			isa = PBXNativeTarget;
			buildConfigurationList = D61CEAF32152AEDD00D47806 /* Build configuration list for PBXNativeTarget "RPN Calculator App" */;
			buildPhases = (
				D61CEAD22152AED600D47806 /* Sources */,
				D61CEAD32152AED600D47806 /* Frameworks */,
				D61CEAD42152AED600D47806 /* Resources */,
				223D9C03217E52ED00EC1B8E /* Embed Frameworks */,
				223D9C18217E535C00EC1B8E /* Embed App Extensions */,
			);
			buildRules = (
			);
			dependencies = (
				223D9C27217E55FD00EC1B8E /* PBXTargetDependency */,
				223D9C4E217E588200EC1B8E /* PBXTargetDependency */,
			);
			name = "RPN Calculator App";
			productName = "RPN Calculator App";
			productReference = D61CEAD62152AED600D47806 /* RPN Calculator App.app */;
			productType = "com.apple.product-type.application";
		};
/* End PBXNativeTarget section */

/* Begin PBXProject section */
		D61CEACE2152AED600D47806 /* Project object */ = {
			isa = PBXProject;
			attributes = {
				LastSwiftUpdateCheck = 1000;
				LastUpgradeCheck = 1000;
				ORGANIZATIONNAME = "Samantha Gatt";
				TargetAttributes = {
					223D9C1C217E55FD00EC1B8E = {
						CreatedOnToolsVersion = 10.0;
					};
					D61CEAD52152AED600D47806 = {
						CreatedOnToolsVersion = 10.0;
					};
				};
			};
			buildConfigurationList = D61CEAD12152AED600D47806 /* Build configuration list for PBXProject "RPN Calculator App" */;
			compatibilityVersion = "Xcode 9.3";
			developmentRegion = en;
			hasScannedForEncodings = 0;
			knownRegions = (
				en,
				Base,
			);
			mainGroup = D61CEACD2152AED600D47806;
			productRefGroup = D61CEAD72152AED600D47806 /* Products */;
			projectDirPath = "";
			projectReferences = (
				{
					ProductGroup = 223D9C43217E586F00EC1B8E /* Products */;
					ProjectRef = 223D9C42217E586F00EC1B8E /* RPN Calculator.xcodeproj */;
				},
			);
			projectRoot = "";
			targets = (
				D61CEAD52152AED600D47806 /* RPN Calculator App */,
				223D9C1C217E55FD00EC1B8E /* RPN Calculator Widget */,
			);
		};
/* End PBXProject section */

/* Begin PBXReferenceProxy section */
		223D9C48217E586F00EC1B8E /* RPN_Calculator.framework */ = {
			isa = PBXReferenceProxy;
			fileType = wrapper.framework;
			path = RPN_Calculator.framework;
			remoteRef = 223D9C47217E586F00EC1B8E /* PBXContainerItemProxy */;
			sourceTree = BUILT_PRODUCTS_DIR;
		};
		223D9C4A217E586F00EC1B8E /* RPN CalculatorTests.xctest */ = {
			isa = PBXReferenceProxy;
			fileType = wrapper.cfbundle;
			path = "RPN CalculatorTests.xctest";
			remoteRef = 223D9C49217E586F00EC1B8E /* PBXContainerItemProxy */;
			sourceTree = BUILT_PRODUCTS_DIR;
		};
/* End PBXReferenceProxy section */

/* Begin PBXResourcesBuildPhase section */
		223D9C1B217E55FD00EC1B8E /* Resources */ = {
			isa = PBXResourcesBuildPhase;
			buildActionMask = 2147483647;
			files = (
				223D9C24217E55FD00EC1B8E /* MainInterface.storyboard in Resources */,
			);
			runOnlyForDeploymentPostprocessing = 0;
		};
		D61CEAD42152AED600D47806 /* Resources */ = {
			isa = PBXResourcesBuildPhase;
			buildActionMask = 2147483647;
			files = (
				D61CEB1B2152BD8500D47806 /* Main.storyboard in Resources */,
				D61CEAE42152AEDC00D47806 /* LaunchScreen.storyboard in Resources */,
				D61CEAE12152AEDC00D47806 /* Assets.xcassets in Resources */,
			);
			runOnlyForDeploymentPostprocessing = 0;
		};
/* End PBXResourcesBuildPhase section */

/* Begin PBXSourcesBuildPhase section */
		223D9C19217E55FD00EC1B8E /* Sources */ = {
			isa = PBXSourcesBuildPhase;
			buildActionMask = 2147483647;
			files = (
				223D9C21217E55FD00EC1B8E /* TodayViewController.swift in Sources */,
			);
			runOnlyForDeploymentPostprocessing = 0;
		};
		D61CEAD22152AED600D47806 /* Sources */ = {
			isa = PBXSourcesBuildPhase;
			buildActionMask = 2147483647;
			files = (
				D61CEB1A2152BD8500D47806 /* CalculatorViewController.swift in Sources */,
				D61CEADA2152AED600D47806 /* AppDelegate.swift in Sources */,
			);
			runOnlyForDeploymentPostprocessing = 0;
		};
/* End PBXSourcesBuildPhase section */

/* Begin PBXTargetDependency section */
		223D9C27217E55FD00EC1B8E /* PBXTargetDependency */ = {
			isa = PBXTargetDependency;
			target = 223D9C1C217E55FD00EC1B8E /* RPN Calculator Widget */;
			targetProxy = 223D9C26217E55FD00EC1B8E /* PBXContainerItemProxy */;
		};
		223D9C4E217E588200EC1B8E /* PBXTargetDependency */ = {
			isa = PBXTargetDependency;
			name = "RPN Calculator";
			targetProxy = 223D9C4D217E588200EC1B8E /* PBXContainerItemProxy */;
		};
/* End PBXTargetDependency section */

/* Begin PBXVariantGroup section */
		223D9C22217E55FD00EC1B8E /* MainInterface.storyboard */ = {
			isa = PBXVariantGroup;
			children = (
				223D9C23217E55FD00EC1B8E /* Base */,
			);
			name = MainInterface.storyboard;
			sourceTree = "<group>";
		};
		D61CEAE22152AEDC00D47806 /* LaunchScreen.storyboard */ = {
			isa = PBXVariantGroup;
			children = (
				D61CEAE32152AEDC00D47806 /* Base */,
			);
			name = LaunchScreen.storyboard;
			sourceTree = "<group>";
		};
/* End PBXVariantGroup section */

/* Begin XCBuildConfiguration section */
		223D9C2A217E55FD00EC1B8E /* Debug */ = {
			isa = XCBuildConfiguration;
			buildSettings = {
				CODE_SIGN_STYLE = Automatic;
				DEVELOPMENT_TEAM = 84AK8SAYG2;
				INFOPLIST_FILE = "RPN Calculator Widget/Info.plist";
				LD_RUNPATH_SEARCH_PATHS = (
					"$(inherited)",
					"@executable_path/Frameworks",
					"@executable_path/../../Frameworks",
				);
				PRODUCT_BUNDLE_IDENTIFIER = com.SamanthaGatt.Forex.ForexWidget;
				PRODUCT_NAME = "$(TARGET_NAME)";
				SKIP_INSTALL = YES;
				SWIFT_VERSION = 4.2;
				TARGETED_DEVICE_FAMILY = "1,2";
			};
			name = Debug;
		};
		223D9C2B217E55FD00EC1B8E /* Release */ = {
			isa = XCBuildConfiguration;
			buildSettings = {
				CODE_SIGN_STYLE = Automatic;
				DEVELOPMENT_TEAM = 84AK8SAYG2;
				INFOPLIST_FILE = "RPN Calculator Widget/Info.plist";
				LD_RUNPATH_SEARCH_PATHS = (
					"$(inherited)",
					"@executable_path/Frameworks",
					"@executable_path/../../Frameworks",
				);
				PRODUCT_BUNDLE_IDENTIFIER = com.SamanthaGatt.Forex.ForexWidget;
				PRODUCT_NAME = "$(TARGET_NAME)";
				SKIP_INSTALL = YES;
				SWIFT_VERSION = 4.2;
				TARGETED_DEVICE_FAMILY = "1,2";
			};
			name = Release;
		};
		D61CEAF12152AEDD00D47806 /* Debug */ = {
			isa = XCBuildConfiguration;
			buildSettings = {
				ALWAYS_SEARCH_USER_PATHS = NO;
				CLANG_ANALYZER_NONNULL = YES;
				CLANG_ANALYZER_NUMBER_OBJECT_CONVERSION = YES_AGGRESSIVE;
				CLANG_CXX_LANGUAGE_STANDARD = "gnu++14";
				CLANG_CXX_LIBRARY = "libc++";
				CLANG_ENABLE_MODULES = YES;
				CLANG_ENABLE_OBJC_ARC = YES;
				CLANG_ENABLE_OBJC_WEAK = YES;
				CLANG_WARN_BLOCK_CAPTURE_AUTORELEASING = YES;
				CLANG_WARN_BOOL_CONVERSION = YES;
				CLANG_WARN_COMMA = YES;
				CLANG_WARN_CONSTANT_CONVERSION = YES;
				CLANG_WARN_DEPRECATED_OBJC_IMPLEMENTATIONS = YES;
				CLANG_WARN_DIRECT_OBJC_ISA_USAGE = YES_ERROR;
				CLANG_WARN_DOCUMENTATION_COMMENTS = YES;
				CLANG_WARN_EMPTY_BODY = YES;
				CLANG_WARN_ENUM_CONVERSION = YES;
				CLANG_WARN_INFINITE_RECURSION = YES;
				CLANG_WARN_INT_CONVERSION = YES;
				CLANG_WARN_NON_LITERAL_NULL_CONVERSION = YES;
				CLANG_WARN_OBJC_IMPLICIT_RETAIN_SELF = YES;
				CLANG_WARN_OBJC_LITERAL_CONVERSION = YES;
				CLANG_WARN_OBJC_ROOT_CLASS = YES_ERROR;
				CLANG_WARN_RANGE_LOOP_ANALYSIS = YES;
				CLANG_WARN_STRICT_PROTOTYPES = YES;
				CLANG_WARN_SUSPICIOUS_MOVE = YES;
				CLANG_WARN_UNGUARDED_AVAILABILITY = YES_AGGRESSIVE;
				CLANG_WARN_UNREACHABLE_CODE = YES;
				CLANG_WARN__DUPLICATE_METHOD_MATCH = YES;
				CODE_SIGN_IDENTITY = "iPhone Developer";
				COPY_PHASE_STRIP = NO;
				DEBUG_INFORMATION_FORMAT = dwarf;
				ENABLE_STRICT_OBJC_MSGSEND = YES;
				ENABLE_TESTABILITY = YES;
				GCC_C_LANGUAGE_STANDARD = gnu11;
				GCC_DYNAMIC_NO_PIC = NO;
				GCC_NO_COMMON_BLOCKS = YES;
				GCC_OPTIMIZATION_LEVEL = 0;
				GCC_PREPROCESSOR_DEFINITIONS = (
					"DEBUG=1",
					"$(inherited)",
				);
				GCC_WARN_64_TO_32_BIT_CONVERSION = YES;
				GCC_WARN_ABOUT_RETURN_TYPE = YES_ERROR;
				GCC_WARN_UNDECLARED_SELECTOR = YES;
				GCC_WARN_UNINITIALIZED_AUTOS = YES_AGGRESSIVE;
				GCC_WARN_UNUSED_FUNCTION = YES;
				GCC_WARN_UNUSED_VARIABLE = YES;
				IPHONEOS_DEPLOYMENT_TARGET = 12.0;
				MTL_ENABLE_DEBUG_INFO = INCLUDE_SOURCE;
				MTL_FAST_MATH = YES;
				ONLY_ACTIVE_ARCH = YES;
				SDKROOT = iphoneos;
				SWIFT_ACTIVE_COMPILATION_CONDITIONS = DEBUG;
				SWIFT_OPTIMIZATION_LEVEL = "-Onone";
			};
			name = Debug;
		};
		D61CEAF22152AEDD00D47806 /* Release */ = {
			isa = XCBuildConfiguration;
			buildSettings = {
				ALWAYS_SEARCH_USER_PATHS = NO;
				CLANG_ANALYZER_NONNULL = YES;
				CLANG_ANALYZER_NUMBER_OBJECT_CONVERSION = YES_AGGRESSIVE;
				CLANG_CXX_LANGUAGE_STANDARD = "gnu++14";
				CLANG_CXX_LIBRARY = "libc++";
				CLANG_ENABLE_MODULES = YES;
				CLANG_ENABLE_OBJC_ARC = YES;
				CLANG_ENABLE_OBJC_WEAK = YES;
				CLANG_WARN_BLOCK_CAPTURE_AUTORELEASING = YES;
				CLANG_WARN_BOOL_CONVERSION = YES;
				CLANG_WARN_COMMA = YES;
				CLANG_WARN_CONSTANT_CONVERSION = YES;
				CLANG_WARN_DEPRECATED_OBJC_IMPLEMENTATIONS = YES;
				CLANG_WARN_DIRECT_OBJC_ISA_USAGE = YES_ERROR;
				CLANG_WARN_DOCUMENTATION_COMMENTS = YES;
				CLANG_WARN_EMPTY_BODY = YES;
				CLANG_WARN_ENUM_CONVERSION = YES;
				CLANG_WARN_INFINITE_RECURSION = YES;
				CLANG_WARN_INT_CONVERSION = YES;
				CLANG_WARN_NON_LITERAL_NULL_CONVERSION = YES;
				CLANG_WARN_OBJC_IMPLICIT_RETAIN_SELF = YES;
				CLANG_WARN_OBJC_LITERAL_CONVERSION = YES;
				CLANG_WARN_OBJC_ROOT_CLASS = YES_ERROR;
				CLANG_WARN_RANGE_LOOP_ANALYSIS = YES;
				CLANG_WARN_STRICT_PROTOTYPES = YES;
				CLANG_WARN_SUSPICIOUS_MOVE = YES;
				CLANG_WARN_UNGUARDED_AVAILABILITY = YES_AGGRESSIVE;
				CLANG_WARN_UNREACHABLE_CODE = YES;
				CLANG_WARN__DUPLICATE_METHOD_MATCH = YES;
				CODE_SIGN_IDENTITY = "iPhone Developer";
				COPY_PHASE_STRIP = NO;
				DEBUG_INFORMATION_FORMAT = "dwarf-with-dsym";
				ENABLE_NS_ASSERTIONS = NO;
				ENABLE_STRICT_OBJC_MSGSEND = YES;
				GCC_C_LANGUAGE_STANDARD = gnu11;
				GCC_NO_COMMON_BLOCKS = YES;
				GCC_WARN_64_TO_32_BIT_CONVERSION = YES;
				GCC_WARN_ABOUT_RETURN_TYPE = YES_ERROR;
				GCC_WARN_UNDECLARED_SELECTOR = YES;
				GCC_WARN_UNINITIALIZED_AUTOS = YES_AGGRESSIVE;
				GCC_WARN_UNUSED_FUNCTION = YES;
				GCC_WARN_UNUSED_VARIABLE = YES;
				IPHONEOS_DEPLOYMENT_TARGET = 12.0;
				MTL_ENABLE_DEBUG_INFO = NO;
				MTL_FAST_MATH = YES;
				SDKROOT = iphoneos;
				SWIFT_COMPILATION_MODE = wholemodule;
				SWIFT_OPTIMIZATION_LEVEL = "-O";
				VALIDATE_PRODUCT = YES;
			};
			name = Release;
		};
		D61CEAF42152AEDD00D47806 /* Debug */ = {
			isa = XCBuildConfiguration;
			buildSettings = {
				ALWAYS_EMBED_SWIFT_STANDARD_LIBRARIES = YES;
				ASSETCATALOG_COMPILER_APPICON_NAME = AppIcon;
				CODE_SIGN_STYLE = Automatic;
				DEVELOPMENT_TEAM = 84AK8SAYG2;
				INFOPLIST_FILE = "RPN Calculator App/Info.plist";
				LD_RUNPATH_SEARCH_PATHS = (
					"$(inherited)",
					"@executable_path/Frameworks",
				);
				PRODUCT_BUNDLE_IDENTIFIER = com.SamanthaGatt.Forex;
				PRODUCT_NAME = "$(TARGET_NAME)";
				SWIFT_VERSION = 4.2;
				TARGETED_DEVICE_FAMILY = "1,2";
			};
			name = Debug;
		};
		D61CEAF52152AEDD00D47806 /* Release */ = {
			isa = XCBuildConfiguration;
			buildSettings = {
				ALWAYS_EMBED_SWIFT_STANDARD_LIBRARIES = YES;
				ASSETCATALOG_COMPILER_APPICON_NAME = AppIcon;
				CODE_SIGN_STYLE = Automatic;
				DEVELOPMENT_TEAM = 84AK8SAYG2;
				INFOPLIST_FILE = "RPN Calculator App/Info.plist";
				LD_RUNPATH_SEARCH_PATHS = (
					"$(inherited)",
					"@executable_path/Frameworks",
				);
				PRODUCT_BUNDLE_IDENTIFIER = com.SamanthaGatt.Forex;
				PRODUCT_NAME = "$(TARGET_NAME)";
				SWIFT_VERSION = 4.2;
				TARGETED_DEVICE_FAMILY = "1,2";
			};
			name = Release;
		};
/* End XCBuildConfiguration section */

/* Begin XCConfigurationList section */
		223D9C29217E55FD00EC1B8E /* Build configuration list for PBXNativeTarget "RPN Calculator Widget" */ = {
			isa = XCConfigurationList;
			buildConfigurations = (
				223D9C2A217E55FD00EC1B8E /* Debug */,
				223D9C2B217E55FD00EC1B8E /* Release */,
			);
			defaultConfigurationIsVisible = 0;
			defaultConfigurationName = Release;
		};
		D61CEAD12152AED600D47806 /* Build configuration list for PBXProject "RPN Calculator App" */ = {
			isa = XCConfigurationList;
			buildConfigurations = (
				D61CEAF12152AEDD00D47806 /* Debug */,
				D61CEAF22152AEDD00D47806 /* Release */,
			);
			defaultConfigurationIsVisible = 0;
			defaultConfigurationName = Release;
		};
		D61CEAF32152AEDD00D47806 /* Build configuration list for PBXNativeTarget "RPN Calculator App" */ = {
			isa = XCConfigurationList;
			buildConfigurations = (
				D61CEAF42152AEDD00D47806 /* Debug */,
				D61CEAF52152AEDD00D47806 /* Release */,
			);
			defaultConfigurationIsVisible = 0;
			defaultConfigurationName = Release;
		};
/* End XCConfigurationList section */
	};
	rootObject = D61CEACE2152AED600D47806 /* Project object */;
}
